
Microsoft Visual Studio Solution File, Format Version 12.00
# Visual Studio Version 16
VisualStudioVersion = 16.0.30717.126
MinimumVisualStudioVersion = 10.0.40219.1
Project("{FAE04EC0-301F-11D3-BF4B-00C04F79EFBC}") = "Testovoe", "Testovoe\Testovoe.csproj", "{3D0FD8D0-B37D-46F8-961C-F728F7CBA381}"
EndProject
Global
	GlobalSection(SolutionConfigurationPlatforms) = preSolution
		Debug|Any CPU = Debug|Any CPU
		Release|Any CPU = Release|Any CPU
	EndGlobalSection
	GlobalSection(ProjectConfigurationPlatforms) = postSolution
		{3D0FD8D0-B37D-46F8-961C-F728F7CBA381}.Debug|Any CPU.ActiveCfg = Debug|Any CPU
		{3D0FD8D0-B37D-46F8-961C-F728F7CBA381}.Debug|Any CPU.Build.0 = Debug|Any CPU
		{3D0FD8D0-B37D-46F8-961C-F728F7CBA381}.Release|Any CPU.ActiveCfg = Release|Any CPU
		{3D0FD8D0-B37D-46F8-961C-F728F7CBA381}.Release|Any CPU.Build.0 = Release|Any CPU
	EndGlobalSection
	GlobalSection(SolutionProperties) = preSolution
		HideSolutionNode = FALSE
	EndGlobalSection
	GlobalSection(ExtensibilityGlobals) = postSolution
		SolutionGuid = {D9F2C81C-3CD1-4E7A-92DF-DBFA4A46C3DA}
	EndGlobalSection
EndGlobal
